
Microsoft Visual Studio Solution File, Format Version 12.00
# Visual Studio Version 17
VisualStudioVersion = 17.7.34003.232
MinimumVisualStudioVersion = 10.0.40219.1
Project("{9A19103F-16F7-4668-BE54-9A1E7A4F7556}") = "SistemaGestionUI", "SistemaGestionUI\SistemaGestionUI.csproj", "{F29B7E63-F65D-4E10-B97C-722052032AE5}"
EndProject
Project("{9A19103F-16F7-4668-BE54-9A1E7A4F7556}") = "SistemaGestionEntities", "SistemaGestionEntities\SistemaGestionEntities.csproj", "{4073DF79-C3DE-47CD-8314-19DD21B24142}"
EndProject
Project("{9A19103F-16F7-4668-BE54-9A1E7A4F7556}") = "SistemaGestionData", "SistemaGestionData\SistemaGestionData.csproj", "{C78BF4B0-D012-4D59-ADF8-2D9BA9D1FE98}"
EndProject
Project("{9A19103F-16F7-4668-BE54-9A1E7A4F7556}") = "SistemaGestionBussiness", "SistemaGestionBussiness\SistemaGestionBussiness.csproj", "{E3AFABB7-7A1A-41F1-9EAB-DD9E7F809928}"
EndProject
Project("{FAE04EC0-301F-11D3-BF4B-00C04F79EFBC}") = "ProyectoApi", "ProyectoApi\ProyectoApi.csproj", "{9887D638-07F8-4766-AF93-A887056E23CE}"
EndProject
Global
	GlobalSection(SolutionConfigurationPlatforms) = preSolution
		Debug|Any CPU = Debug|Any CPU
		Release|Any CPU = Release|Any CPU
	EndGlobalSection
	GlobalSection(ProjectConfigurationPlatforms) = postSolution
		{F29B7E63-F65D-4E10-B97C-722052032AE5}.Debug|Any CPU.ActiveCfg = Debug|Any CPU
		{F29B7E63-F65D-4E10-B97C-722052032AE5}.Debug|Any CPU.Build.0 = Debug|Any CPU
		{F29B7E63-F65D-4E10-B97C-722052032AE5}.Release|Any CPU.ActiveCfg = Release|Any CPU
		{F29B7E63-F65D-4E10-B97C-722052032AE5}.Release|Any CPU.Build.0 = Release|Any CPU
		{4073DF79-C3DE-47CD-8314-19DD21B24142}.Debug|Any CPU.ActiveCfg = Debug|Any CPU
		{4073DF79-C3DE-47CD-8314-19DD21B24142}.Debug|Any CPU.Build.0 = Debug|Any CPU
		{4073DF79-C3DE-47CD-8314-19DD21B24142}.Release|Any CPU.ActiveCfg = Release|Any CPU
		{4073DF79-C3DE-47CD-8314-19DD21B24142}.Release|Any CPU.Build.0 = Release|Any CPU
		{C78BF4B0-D012-4D59-ADF8-2D9BA9D1FE98}.Debug|Any CPU.ActiveCfg = Debug|Any CPU
		{C78BF4B0-D012-4D59-ADF8-2D9BA9D1FE98}.Debug|Any CPU.Build.0 = Debug|Any CPU
		{C78BF4B0-D012-4D59-ADF8-2D9BA9D1FE98}.Release|Any CPU.ActiveCfg = Release|Any CPU
		{C78BF4B0-D012-4D59-ADF8-2D9BA9D1FE98}.Release|Any CPU.Build.0 = Release|Any CPU
		{E3AFABB7-7A1A-41F1-9EAB-DD9E7F809928}.Debug|Any CPU.ActiveCfg = Debug|Any CPU
		{E3AFABB7-7A1A-41F1-9EAB-DD9E7F809928}.Debug|Any CPU.Build.0 = Debug|Any CPU
		{E3AFABB7-7A1A-41F1-9EAB-DD9E7F809928}.Release|Any CPU.ActiveCfg = Release|Any CPU
		{E3AFABB7-7A1A-41F1-9EAB-DD9E7F809928}.Release|Any CPU.Build.0 = Release|Any CPU
		{9887D638-07F8-4766-AF93-A887056E23CE}.Debug|Any CPU.ActiveCfg = Debug|Any CPU
		{9887D638-07F8-4766-AF93-A887056E23CE}.Debug|Any CPU.Build.0 = Debug|Any CPU
		{9887D638-07F8-4766-AF93-A887056E23CE}.Release|Any CPU.ActiveCfg = Release|Any CPU
		{9887D638-07F8-4766-AF93-A887056E23CE}.Release|Any CPU.Build.0 = Release|Any CPU
	EndGlobalSection
	GlobalSection(SolutionProperties) = preSolution
		HideSolutionNode = FALSE
	EndGlobalSection
	GlobalSection(ExtensibilityGlobals) = postSolution
		SolutionGuid = {33152DFB-E258-44E8-84E4-6759B3832928}
	EndGlobalSection
EndGlobal
